{
  "name": "how-to-cloud-app",
  "version": "1.0.0",
  "lockfileVersion": 3,
  "requires": true,
  "packages": {
    "": {
      "name": "how-to-cloud-app",
      "version": "1.0.0",
      "devDependencies": {},
      "engines": {
        "node": ">=18.0.0",
        "npm": ">=8.0.0"
      }
    }
  }
}
